
Microsoft Visual Studio Solution File, Format Version 12.00
# Visual Studio 15
VisualStudioVersion = 15.0.28307.329
MinimumVisualStudioVersion = 10.0.40219.1
Project("{FAE04EC0-301F-11D3-BF4B-00C04F79EFBC}") = "AnimalShelter", "AnimalShelter\AnimalShelter.csproj", "{2FBBA6AC-252D-454F-84DA-3D176A86E2B5}"
EndProject
Global
	GlobalSection(SolutionConfigurationPlatforms) = preSolution
		Debug|Any CPU = Debug|Any CPU
		Release|Any CPU = Release|Any CPU
	EndGlobalSection
	GlobalSection(ProjectConfigurationPlatforms) = postSolution
		{2FBBA6AC-252D-454F-84DA-3D176A86E2B5}.Debug|Any CPU.ActiveCfg = Debug|Any CPU
		{2FBBA6AC-252D-454F-84DA-3D176A86E2B5}.Debug|Any CPU.Build.0 = Debug|Any CPU
		{2FBBA6AC-252D-454F-84DA-3D176A86E2B5}.Release|Any CPU.ActiveCfg = Release|Any CPU
		{2FBBA6AC-252D-454F-84DA-3D176A86E2B5}.Release|Any CPU.Build.0 = Release|Any CPU
	EndGlobalSection
	GlobalSection(SolutionProperties) = preSolution
		HideSolutionNode = FALSE
	EndGlobalSection
	GlobalSection(ExtensibilityGlobals) = postSolution
		SolutionGuid = {19C81696-DB42-444A-8054-8B9E9924F7B6}
	EndGlobalSection
EndGlobal
